
Microsoft Visual Studio Solution File, Format Version 12.00
# Visual Studio Version 17
VisualStudioVersion = 17.0.31912.275
MinimumVisualStudioVersion = 10.0.40219.1
Project("{FAE04EC0-301F-11D3-BF4B-00C04F79EFBC}") = "ModelCreater", "ModelCreater\ModelCreater.csproj", "{0858D10B-D9E9-43C8-B036-E65D69A93682}"
EndProject
Global
	GlobalSection(SolutionConfigurationPlatforms) = preSolution
		Debug|Any CPU = Debug|Any CPU
		Debug|x64 = Debug|x64
		Release|Any CPU = Release|Any CPU
		Release|x64 = Release|x64
	EndGlobalSection
	GlobalSection(ProjectConfigurationPlatforms) = postSolution
		{0858D10B-D9E9-43C8-B036-E65D69A93682}.Debug|Any CPU.ActiveCfg = Debug|Any CPU
		{0858D10B-D9E9-43C8-B036-E65D69A93682}.Debug|Any CPU.Build.0 = Debug|Any CPU
		{0858D10B-D9E9-43C8-B036-E65D69A93682}.Debug|x64.ActiveCfg = Debug|x64
		{0858D10B-D9E9-43C8-B036-E65D69A93682}.Debug|x64.Build.0 = Debug|x64
		{0858D10B-D9E9-43C8-B036-E65D69A93682}.Release|Any CPU.ActiveCfg = Release|Any CPU
		{0858D10B-D9E9-43C8-B036-E65D69A93682}.Release|Any CPU.Build.0 = Release|Any CPU
		{0858D10B-D9E9-43C8-B036-E65D69A93682}.Release|x64.ActiveCfg = Release|x64
		{0858D10B-D9E9-43C8-B036-E65D69A93682}.Release|x64.Build.0 = Release|x64
	EndGlobalSection
	GlobalSection(SolutionProperties) = preSolution
		HideSolutionNode = FALSE
	EndGlobalSection
	GlobalSection(ExtensibilityGlobals) = postSolution
		SolutionGuid = {A3E36508-D9B8-42DC-85C3-33EAF32576F4}
	EndGlobalSection
EndGlobal
